
Microsoft Visual Studio Solution File, Format Version 12.00
# Visual Studio 15
VisualStudioVersion = 15.0.27130.2026
MinimumVisualStudioVersion = 10.0.40219.1
Project("{FAE04EC0-301F-11D3-BF4B-00C04F79EFBC}") = "Sender", "Sender\Sender.csproj", "{89142679-05CD-4DE5-9A10-A9C5E839D13D}"
EndProject
Global
	GlobalSection(SolutionConfigurationPlatforms) = preSolution
		Debug|Any CPU = Debug|Any CPU
		Debug|x64 = Debug|x64
		Release|Any CPU = Release|Any CPU
		Release|x64 = Release|x64
	EndGlobalSection
	GlobalSection(ProjectConfigurationPlatforms) = postSolution
		{89142679-05CD-4DE5-9A10-A9C5E839D13D}.Debug|Any CPU.ActiveCfg = Debug|Any CPU
		{89142679-05CD-4DE5-9A10-A9C5E839D13D}.Debug|Any CPU.Build.0 = Debug|Any CPU
		{89142679-05CD-4DE5-9A10-A9C5E839D13D}.Debug|x64.ActiveCfg = Debug|x64
		{89142679-05CD-4DE5-9A10-A9C5E839D13D}.Debug|x64.Build.0 = Debug|x64
		{89142679-05CD-4DE5-9A10-A9C5E839D13D}.Release|Any CPU.ActiveCfg = Release|Any CPU
		{89142679-05CD-4DE5-9A10-A9C5E839D13D}.Release|Any CPU.Build.0 = Release|Any CPU
		{89142679-05CD-4DE5-9A10-A9C5E839D13D}.Release|x64.ActiveCfg = Release|x64
		{89142679-05CD-4DE5-9A10-A9C5E839D13D}.Release|x64.Build.0 = Release|x64
	EndGlobalSection
	GlobalSection(SolutionProperties) = preSolution
		HideSolutionNode = FALSE
	EndGlobalSection
	GlobalSection(ExtensibilityGlobals) = postSolution
		SolutionGuid = {FE17CC17-7542-4480-85C9-EEED0E0D2885}
	EndGlobalSection
EndGlobal
